
Microsoft Visual Studio Solution File, Format Version 12.00
# Visual Studio Version 17
VisualStudioVersion = 17.11.35327.3
MinimumVisualStudioVersion = 10.0.40219.1
Project("{FAE04EC0-301F-11D3-BF4B-00C04F79EFBC}") = "StackPrj", "StackPrj\StackPrj.csproj", "{A3D95FDF-CCD4-4A67-BEBC-5C77C8C9C56E}"
EndProject
Global
	GlobalSection(SolutionConfigurationPlatforms) = preSolution
		Debug|Any CPU = Debug|Any CPU
		Release|Any CPU = Release|Any CPU
	EndGlobalSection
	GlobalSection(ProjectConfigurationPlatforms) = postSolution
		{A3D95FDF-CCD4-4A67-BEBC-5C77C8C9C56E}.Debug|Any CPU.ActiveCfg = Debug|Any CPU
		{A3D95FDF-CCD4-4A67-BEBC-5C77C8C9C56E}.Debug|Any CPU.Build.0 = Debug|Any CPU
		{A3D95FDF-CCD4-4A67-BEBC-5C77C8C9C56E}.Release|Any CPU.ActiveCfg = Release|Any CPU
		{A3D95FDF-CCD4-4A67-BEBC-5C77C8C9C56E}.Release|Any CPU.Build.0 = Release|Any CPU
	EndGlobalSection
	GlobalSection(SolutionProperties) = preSolution
		HideSolutionNode = FALSE
	EndGlobalSection
	GlobalSection(ExtensibilityGlobals) = postSolution
		SolutionGuid = {05949E47-97B2-48AB-8E50-F512935588AD}
	EndGlobalSection
EndGlobal
